
Microsoft Visual Studio Solution File, Format Version 12.00
# Visual Studio Version 16
VisualStudioVersion = 16.0.29123.88
MinimumVisualStudioVersion = 10.0.40219.1
Project("{9A19103F-16F7-4668-BE54-9A1E7A4F7556}") = "Q1", "Q1\Q1.csproj", "{88F84B9C-48F9-4C35-A2E5-D0E4C7051F7D}"
EndProject
Project("{FAE04EC0-301F-11D3-BF4B-00C04F79EFBC}") = "Q2", "Q2\Q2.csproj", "{7D19D2D2-1272-428B-8C13-E9D8A38588B2}"
EndProject
Project("{FAE04EC0-301F-11D3-BF4B-00C04F79EFBC}") = "Q3", "Q3\Q3.csproj", "{CEE0B30F-F9A1-4EB0-8195-655C45CA049D}"
EndProject
Project("{FAE04EC0-301F-11D3-BF4B-00C04F79EFBC}") = "Q4", "Q4\Q4.csproj", "{8F77116D-7254-4620-85EF-21DB715CC185}"
EndProject
Global
	GlobalSection(SolutionConfigurationPlatforms) = preSolution
		Debug|Any CPU = Debug|Any CPU
		Release|Any CPU = Release|Any CPU
	EndGlobalSection
	GlobalSection(ProjectConfigurationPlatforms) = postSolution
		{88F84B9C-48F9-4C35-A2E5-D0E4C7051F7D}.Debug|Any CPU.ActiveCfg = Debug|Any CPU
		{88F84B9C-48F9-4C35-A2E5-D0E4C7051F7D}.Debug|Any CPU.Build.0 = Debug|Any CPU
		{88F84B9C-48F9-4C35-A2E5-D0E4C7051F7D}.Release|Any CPU.ActiveCfg = Release|Any CPU
		{88F84B9C-48F9-4C35-A2E5-D0E4C7051F7D}.Release|Any CPU.Build.0 = Release|Any CPU
		{7D19D2D2-1272-428B-8C13-E9D8A38588B2}.Debug|Any CPU.ActiveCfg = Debug|Any CPU
		{7D19D2D2-1272-428B-8C13-E9D8A38588B2}.Debug|Any CPU.Build.0 = Debug|Any CPU
		{7D19D2D2-1272-428B-8C13-E9D8A38588B2}.Release|Any CPU.ActiveCfg = Release|Any CPU
		{7D19D2D2-1272-428B-8C13-E9D8A38588B2}.Release|Any CPU.Build.0 = Release|Any CPU
		{CEE0B30F-F9A1-4EB0-8195-655C45CA049D}.Debug|Any CPU.ActiveCfg = Debug|Any CPU
		{CEE0B30F-F9A1-4EB0-8195-655C45CA049D}.Debug|Any CPU.Build.0 = Debug|Any CPU
		{CEE0B30F-F9A1-4EB0-8195-655C45CA049D}.Release|Any CPU.ActiveCfg = Release|Any CPU
		{CEE0B30F-F9A1-4EB0-8195-655C45CA049D}.Release|Any CPU.Build.0 = Release|Any CPU
		{8F77116D-7254-4620-85EF-21DB715CC185}.Debug|Any CPU.ActiveCfg = Debug|Any CPU
		{8F77116D-7254-4620-85EF-21DB715CC185}.Debug|Any CPU.Build.0 = Debug|Any CPU
		{8F77116D-7254-4620-85EF-21DB715CC185}.Release|Any CPU.ActiveCfg = Release|Any CPU
		{8F77116D-7254-4620-85EF-21DB715CC185}.Release|Any CPU.Build.0 = Release|Any CPU
	EndGlobalSection
	GlobalSection(SolutionProperties) = preSolution
		HideSolutionNode = FALSE
	EndGlobalSection
	GlobalSection(ExtensibilityGlobals) = postSolution
		SolutionGuid = {E22115BA-842E-4E26-BB57-D3ADA7F700C0}
	EndGlobalSection
EndGlobal
